// !$*UTF8*$!
{
	archiveVersion = 1;
	classes = {
	};
	objectVersion = 50;
	objects = {

/* Begin PBXBuildFile section */
		8526DA722459860D00703144 /* AppDelegate.swift in Sources */ = {isa = PBXBuildFile; fileRef = 8526DA712459860D00703144 /* AppDelegate.swift */; };
		8526DA742459860D00703144 /* SceneDelegate.swift in Sources */ = {isa = PBXBuildFile; fileRef = 8526DA732459860D00703144 /* SceneDelegate.swift */; };
		8526DA762459860D00703144 /* ContentView.swift in Sources */ = {isa = PBXBuildFile; fileRef = 8526DA752459860D00703144 /* ContentView.swift */; };
		8526DA782459861000703144 /* Assets.xcassets in Resources */ = {isa = PBXBuildFile; fileRef = 8526DA772459861000703144 /* Assets.xcassets */; };
		8526DA7B2459861000703144 /* Preview Assets.xcassets in Resources */ = {isa = PBXBuildFile; fileRef = 8526DA7A2459861000703144 /* Preview Assets.xcassets */; };
		8526DA7E2459861000703144 /* LaunchScreen.storyboard in Resources */ = {isa = PBXBuildFile; fileRef = 8526DA7C2459861000703144 /* LaunchScreen.storyboard */; };
		8526DA8724599C3F00703144 /* BandTags.swift in Sources */ = {isa = PBXBuildFile; fileRef = 8526DA8624599C3F00703144 /* BandTags.swift */; };
		8526DA892459CF3100703144 /* HomeStats.swift in Sources */ = {isa = PBXBuildFile; fileRef = 8526DA882459CF3100703144 /* HomeStats.swift */; };
		8526DA8C2459D1A800703144 /* Colors+Extensions.swift in Sources */ = {isa = PBXBuildFile; fileRef = 8526DA8B2459D1A800703144 /* Colors+Extensions.swift */; };
		8526DA912459DCB700703144 /* HomeView.swift in Sources */ = {isa = PBXBuildFile; fileRef = 8526DA902459DCB700703144 /* HomeView.swift */; };
		8526DA942459FFF100703144 /* BandsView.swift in Sources */ = {isa = PBXBuildFile; fileRef = 8526DA932459FFF100703144 /* BandsView.swift */; };
/* End PBXBuildFile section */

/* Begin PBXFileReference section */
		8526DA6E2459860D00703144 /* JGig-SwiftUI.app */ = {isa = PBXFileReference; explicitFileType = wrapper.application; includeInIndex = 0; path = "JGig-SwiftUI.app"; sourceTree = BUILT_PRODUCTS_DIR; };
		8526DA712459860D00703144 /* AppDelegate.swift */ = {isa = PBXFileReference; lastKnownFileType = sourcecode.swift; path = AppDelegate.swift; sourceTree = "<group>"; };
		8526DA732459860D00703144 /* SceneDelegate.swift */ = {isa = PBXFileReference; lastKnownFileType = sourcecode.swift; path = SceneDelegate.swift; sourceTree = "<group>"; };
		8526DA752459860D00703144 /* ContentView.swift */ = {isa = PBXFileReference; lastKnownFileType = sourcecode.swift; path = ContentView.swift; sourceTree = "<group>"; };
		8526DA772459861000703144 /* Assets.xcassets */ = {isa = PBXFileReference; lastKnownFileType = folder.assetcatalog; path = Assets.xcassets; sourceTree = "<group>"; };
		8526DA7A2459861000703144 /* Preview Assets.xcassets */ = {isa = PBXFileReference; lastKnownFileType = folder.assetcatalog; path = "Preview Assets.xcassets"; sourceTree = "<group>"; };
		8526DA7D2459861000703144 /* Base */ = {isa = PBXFileReference; lastKnownFileType = file.storyboard; name = Base; path = Base.lproj/LaunchScreen.storyboard; sourceTree = "<group>"; };
		8526DA7F2459861000703144 /* Info.plist */ = {isa = PBXFileReference; lastKnownFileType = text.plist.xml; path = Info.plist; sourceTree = "<group>"; };
		8526DA8624599C3F00703144 /* BandTags.swift */ = {isa = PBXFileReference; lastKnownFileType = sourcecode.swift; path = BandTags.swift; sourceTree = "<group>"; };
		8526DA882459CF3100703144 /* HomeStats.swift */ = {isa = PBXFileReference; lastKnownFileType = sourcecode.swift; path = HomeStats.swift; sourceTree = "<group>"; };
		8526DA8B2459D1A800703144 /* Colors+Extensions.swift */ = {isa = PBXFileReference; lastKnownFileType = sourcecode.swift; path = "Colors+Extensions.swift"; sourceTree = "<group>"; };
		8526DA902459DCB700703144 /* HomeView.swift */ = {isa = PBXFileReference; lastKnownFileType = sourcecode.swift; path = HomeView.swift; sourceTree = "<group>"; };
		8526DA932459FFF100703144 /* BandsView.swift */ = {isa = PBXFileReference; lastKnownFileType = sourcecode.swift; path = BandsView.swift; sourceTree = "<group>"; };
/* End PBXFileReference section */

/* Begin PBXFrameworksBuildPhase section */
		8526DA6B2459860D00703144 /* Frameworks */ = {
			isa = PBXFrameworksBuildPhase;
			buildActionMask = 2147483647;
			files = (
			);
			runOnlyForDeploymentPostprocessing = 0;
		};
/* End PBXFrameworksBuildPhase section */

/* Begin PBXGroup section */
		8526DA652459860D00703144 = {
			isa = PBXGroup;
			children = (
				8526DA702459860D00703144 /* JGig-SwiftUI */,
				8526DA6F2459860D00703144 /* Products */,
			);
			sourceTree = "<group>";
		};
		8526DA6F2459860D00703144 /* Products */ = {
			isa = PBXGroup;
			children = (
				8526DA6E2459860D00703144 /* JGig-SwiftUI.app */,
			);
			name = Products;
			sourceTree = "<group>";
		};
		8526DA702459860D00703144 /* JGig-SwiftUI */ = {
			isa = PBXGroup;
			children = (
				8526DA95245A010B00703144 /* Models */,
				8526DA8A2459D10C00703144 /* Extensions */,
				8526DA8524599BE900703144 /* Views */,
				8526DA712459860D00703144 /* AppDelegate.swift */,
				8526DA732459860D00703144 /* SceneDelegate.swift */,
				8526DA752459860D00703144 /* ContentView.swift */,
				8526DA772459861000703144 /* Assets.xcassets */,
				8526DA7C2459861000703144 /* LaunchScreen.storyboard */,
				8526DA7F2459861000703144 /* Info.plist */,
				8526DA792459861000703144 /* Preview Content */,
			);
			path = "JGig-SwiftUI";
			sourceTree = "<group>";
		};
		8526DA792459861000703144 /* Preview Content */ = {
			isa = PBXGroup;
			children = (
				8526DA7A2459861000703144 /* Preview Assets.xcassets */,
			);
			path = "Preview Content";
			sourceTree = "<group>";
		};
		8526DA8524599BE900703144 /* Views */ = {
			isa = PBXGroup;
			children = (
				8526DA922459FF8300703144 /* Bands */,
				8526DA8F2459DCA800703144 /* Home */,
				8526DA8624599C3F00703144 /* BandTags.swift */,
			);
			path = Views;
			sourceTree = "<group>";
		};
		8526DA8A2459D10C00703144 /* Extensions */ = {
			isa = PBXGroup;
			children = (
				8526DA8B2459D1A800703144 /* Colors+Extensions.swift */,
			);
			path = Extensions;
			sourceTree = "<group>";
		};
		8526DA8F2459DCA800703144 /* Home */ = {
			isa = PBXGroup;
			children = (
				8526DA882459CF3100703144 /* HomeStats.swift */,
				8526DA902459DCB700703144 /* HomeView.swift */,
			);
			path = Home;
			sourceTree = "<group>";
		};
		8526DA922459FF8300703144 /* Bands */ = {
			isa = PBXGroup;
			children = (
				8526DA932459FFF100703144 /* BandsView.swift */,
			);
			path = Bands;
			sourceTree = "<group>";
		};
		8526DA95245A010B00703144 /* Models */ = {
			isa = PBXGroup;
			children = (
			);
			path = Models;
			sourceTree = "<group>";
		};
/* End PBXGroup section */

/* Begin PBXNativeTarget section */
		8526DA6D2459860D00703144 /* JGig-SwiftUI */ = {
			isa = PBXNativeTarget;
			buildConfigurationList = 8526DA822459861000703144 /* Build configuration list for PBXNativeTarget "JGig-SwiftUI" */;
			buildPhases = (
				8526DA6A2459860D00703144 /* Sources */,
				8526DA6B2459860D00703144 /* Frameworks */,
				8526DA6C2459860D00703144 /* Resources */,
			);
			buildRules = (
			);
			dependencies = (
			);
			name = "JGig-SwiftUI";
			productName = "JGig-SwiftUI";
			productReference = 8526DA6E2459860D00703144 /* JGig-SwiftUI.app */;
			productType = "com.apple.product-type.application";
		};
/* End PBXNativeTarget section */

/* Begin PBXProject section */
		8526DA662459860D00703144 /* Project object */ = {
			isa = PBXProject;
			attributes = {
				LastSwiftUpdateCheck = 1140;
				LastUpgradeCheck = 1140;
				ORGANIZATIONNAME = "Joacim Nidén";
				TargetAttributes = {
					8526DA6D2459860D00703144 = {
						CreatedOnToolsVersion = 11.4;
					};
				};
			};
			buildConfigurationList = 8526DA692459860D00703144 /* Build configuration list for PBXProject "JGig-SwiftUI" */;
			compatibilityVersion = "Xcode 9.3";
			developmentRegion = en;
			hasScannedForEncodings = 0;
			knownRegions = (
				en,
				Base,
			);
			mainGroup = 8526DA652459860D00703144;
			productRefGroup = 8526DA6F2459860D00703144 /* Products */;
			projectDirPath = "";
			projectRoot = "";
			targets = (
				8526DA6D2459860D00703144 /* JGig-SwiftUI */,
			);
		};
/* End PBXProject section */

/* Begin PBXResourcesBuildPhase section */
		8526DA6C2459860D00703144 /* Resources */ = {
			isa = PBXResourcesBuildPhase;
			buildActionMask = 2147483647;
			files = (
				8526DA7E2459861000703144 /* LaunchScreen.storyboard in Resources */,
				8526DA7B2459861000703144 /* Preview Assets.xcassets in Resources */,
				8526DA782459861000703144 /* Assets.xcassets in Resources */,
			);
			runOnlyForDeploymentPostprocessing = 0;
		};
/* End PBXResourcesBuildPhase section */

/* Begin PBXSourcesBuildPhase section */
		8526DA6A2459860D00703144 /* Sources */ = {
			isa = PBXSourcesBuildPhase;
			buildActionMask = 2147483647;
			files = (
				8526DA722459860D00703144 /* AppDelegate.swift in Sources */,
				8526DA912459DCB700703144 /* HomeView.swift in Sources */,
				8526DA8724599C3F00703144 /* BandTags.swift in Sources */,
				8526DA742459860D00703144 /* SceneDelegate.swift in Sources */,
				8526DA8C2459D1A800703144 /* Colors+Extensions.swift in Sources */,
				8526DA942459FFF100703144 /* BandsView.swift in Sources */,
				8526DA892459CF3100703144 /* HomeStats.swift in Sources */,
				8526DA762459860D00703144 /* ContentView.swift in Sources */,
			);
			runOnlyForDeploymentPostprocessing = 0;
		};
/* End PBXSourcesBuildPhase section */

/* Begin PBXVariantGroup section */
		8526DA7C2459861000703144 /* LaunchScreen.storyboard */ = {
			isa = PBXVariantGroup;
			children = (
				8526DA7D2459861000703144 /* Base */,
			);
			name = LaunchScreen.storyboard;
			sourceTree = "<group>";
		};
/* End PBXVariantGroup section */

/* Begin XCBuildConfiguration section */
		8526DA802459861000703144 /* Debug */ = {
			isa = XCBuildConfiguration;
			buildSettings = {
				ALWAYS_SEARCH_USER_PATHS = NO;
				CLANG_ANALYZER_NONNULL = YES;
				CLANG_ANALYZER_NUMBER_OBJECT_CONVERSION = YES_AGGRESSIVE;
				CLANG_CXX_LANGUAGE_STANDARD = "gnu++14";
				CLANG_CXX_LIBRARY = "libc++";
				CLANG_ENABLE_MODULES = YES;
				CLANG_ENABLE_OBJC_ARC = YES;
				CLANG_ENABLE_OBJC_WEAK = YES;
				CLANG_WARN_BLOCK_CAPTURE_AUTORELEASING = YES;
				CLANG_WARN_BOOL_CONVERSION = YES;
				CLANG_WARN_COMMA = YES;
				CLANG_WARN_CONSTANT_CONVERSION = YES;
				CLANG_WARN_DEPRECATED_OBJC_IMPLEMENTATIONS = YES;
				CLANG_WARN_DIRECT_OBJC_ISA_USAGE = YES_ERROR;
				CLANG_WARN_DOCUMENTATION_COMMENTS = YES;
				CLANG_WARN_EMPTY_BODY = YES;
				CLANG_WARN_ENUM_CONVERSION = YES;
				CLANG_WARN_INFINITE_RECURSION = YES;
				CLANG_WARN_INT_CONVERSION = YES;
				CLANG_WARN_NON_LITERAL_NULL_CONVERSION = YES;
				CLANG_WARN_OBJC_IMPLICIT_RETAIN_SELF = YES;
				CLANG_WARN_OBJC_LITERAL_CONVERSION = YES;
				CLANG_WARN_OBJC_ROOT_CLASS = YES_ERROR;
				CLANG_WARN_RANGE_LOOP_ANALYSIS = YES;
				CLANG_WARN_STRICT_PROTOTYPES = YES;
				CLANG_WARN_SUSPICIOUS_MOVE = YES;
				CLANG_WARN_UNGUARDED_AVAILABILITY = YES_AGGRESSIVE;
				CLANG_WARN_UNREACHABLE_CODE = YES;
				CLANG_WARN__DUPLICATE_METHOD_MATCH = YES;
				COPY_PHASE_STRIP = NO;
				DEBUG_INFORMATION_FORMAT = dwarf;
				ENABLE_STRICT_OBJC_MSGSEND = YES;
				ENABLE_TESTABILITY = YES;
				GCC_C_LANGUAGE_STANDARD = gnu11;
				GCC_DYNAMIC_NO_PIC = NO;
				GCC_NO_COMMON_BLOCKS = YES;
				GCC_OPTIMIZATION_LEVEL = 0;
				GCC_PREPROCESSOR_DEFINITIONS = (
					"DEBUG=1",
					"$(inherited)",
				);
				GCC_WARN_64_TO_32_BIT_CONVERSION = YES;
				GCC_WARN_ABOUT_RETURN_TYPE = YES_ERROR;
				GCC_WARN_UNDECLARED_SELECTOR = YES;
				GCC_WARN_UNINITIALIZED_AUTOS = YES_AGGRESSIVE;
				GCC_WARN_UNUSED_FUNCTION = YES;
				GCC_WARN_UNUSED_VARIABLE = YES;
				IPHONEOS_DEPLOYMENT_TARGET = 13.4;
				MTL_ENABLE_DEBUG_INFO = INCLUDE_SOURCE;
				MTL_FAST_MATH = YES;
				ONLY_ACTIVE_ARCH = YES;
				SDKROOT = iphoneos;
				SWIFT_ACTIVE_COMPILATION_CONDITIONS = DEBUG;
				SWIFT_OPTIMIZATION_LEVEL = "-Onone";
			};
			name = Debug;
		};
		8526DA812459861000703144 /* Release */ = {
			isa = XCBuildConfiguration;
			buildSettings = {
				ALWAYS_SEARCH_USER_PATHS = NO;
				CLANG_ANALYZER_NONNULL = YES;
				CLANG_ANALYZER_NUMBER_OBJECT_CONVERSION = YES_AGGRESSIVE;
				CLANG_CXX_LANGUAGE_STANDARD = "gnu++14";
				CLANG_CXX_LIBRARY = "libc++";
				CLANG_ENABLE_MODULES = YES;
				CLANG_ENABLE_OBJC_ARC = YES;
				CLANG_ENABLE_OBJC_WEAK = YES;
				CLANG_WARN_BLOCK_CAPTURE_AUTORELEASING = YES;
				CLANG_WARN_BOOL_CONVERSION = YES;
				CLANG_WARN_COMMA = YES;
				CLANG_WARN_CONSTANT_CONVERSION = YES;
				CLANG_WARN_DEPRECATED_OBJC_IMPLEMENTATIONS = YES;
				CLANG_WARN_DIRECT_OBJC_ISA_USAGE = YES_ERROR;
				CLANG_WARN_DOCUMENTATION_COMMENTS = YES;
				CLANG_WARN_EMPTY_BODY = YES;
				CLANG_WARN_ENUM_CONVERSION = YES;
				CLANG_WARN_INFINITE_RECURSION = YES;
				CLANG_WARN_INT_CONVERSION = YES;
				CLANG_WARN_NON_LITERAL_NULL_CONVERSION = YES;
				CLANG_WARN_OBJC_IMPLICIT_RETAIN_SELF = YES;
				CLANG_WARN_OBJC_LITERAL_CONVERSION = YES;
				CLANG_WARN_OBJC_ROOT_CLASS = YES_ERROR;
				CLANG_WARN_RANGE_LOOP_ANALYSIS = YES;
				CLANG_WARN_STRICT_PROTOTYPES = YES;
				CLANG_WARN_SUSPICIOUS_MOVE = YES;
				CLANG_WARN_UNGUARDED_AVAILABILITY = YES_AGGRESSIVE;
				CLANG_WARN_UNREACHABLE_CODE = YES;
				CLANG_WARN__DUPLICATE_METHOD_MATCH = YES;
				COPY_PHASE_STRIP = NO;
				DEBUG_INFORMATION_FORMAT = "dwarf-with-dsym";
				ENABLE_NS_ASSERTIONS = NO;
				ENABLE_STRICT_OBJC_MSGSEND = YES;
				GCC_C_LANGUAGE_STANDARD = gnu11;
				GCC_NO_COMMON_BLOCKS = YES;
				GCC_WARN_64_TO_32_BIT_CONVERSION = YES;
				GCC_WARN_ABOUT_RETURN_TYPE = YES_ERROR;
				GCC_WARN_UNDECLARED_SELECTOR = YES;
				GCC_WARN_UNINITIALIZED_AUTOS = YES_AGGRESSIVE;
				GCC_WARN_UNUSED_FUNCTION = YES;
				GCC_WARN_UNUSED_VARIABLE = YES;
				IPHONEOS_DEPLOYMENT_TARGET = 13.4;
				MTL_ENABLE_DEBUG_INFO = NO;
				MTL_FAST_MATH = YES;
				SDKROOT = iphoneos;
				SWIFT_COMPILATION_MODE = wholemodule;
				SWIFT_OPTIMIZATION_LEVEL = "-O";
				VALIDATE_PRODUCT = YES;
			};
			name = Release;
		};
		8526DA832459861000703144 /* Debug */ = {
			isa = XCBuildConfiguration;
			buildSettings = {
				ASSETCATALOG_COMPILER_APPICON_NAME = AppIcon;
				CODE_SIGN_STYLE = Automatic;
				DEVELOPMENT_ASSET_PATHS = "\"JGig-SwiftUI/Preview Content\"";
				DEVELOPMENT_TEAM = ZBJNQU3A8A;
				ENABLE_PREVIEWS = YES;
				INFOPLIST_FILE = "JGig-SwiftUI/Info.plist";
				LD_RUNPATH_SEARCH_PATHS = (
					"$(inherited)",
					"@executable_path/Frameworks",
				);
				PRODUCT_BUNDLE_IDENTIFIER = "com.niden.JGig-SwiftUI";
				PRODUCT_NAME = "$(TARGET_NAME)";
				SWIFT_VERSION = 5.0;
				TARGETED_DEVICE_FAMILY = "1,2";
			};
			name = Debug;
		};
		8526DA842459861000703144 /* Release */ = {
			isa = XCBuildConfiguration;
			buildSettings = {
				ASSETCATALOG_COMPILER_APPICON_NAME = AppIcon;
				CODE_SIGN_STYLE = Automatic;
				DEVELOPMENT_ASSET_PATHS = "\"JGig-SwiftUI/Preview Content\"";
				DEVELOPMENT_TEAM = ZBJNQU3A8A;
				ENABLE_PREVIEWS = YES;
				INFOPLIST_FILE = "JGig-SwiftUI/Info.plist";
				LD_RUNPATH_SEARCH_PATHS = (
					"$(inherited)",
					"@executable_path/Frameworks",
				);
				PRODUCT_BUNDLE_IDENTIFIER = "com.niden.JGig-SwiftUI";
				PRODUCT_NAME = "$(TARGET_NAME)";
				SWIFT_VERSION = 5.0;
				TARGETED_DEVICE_FAMILY = "1,2";
			};
			name = Release;
		};
/* End XCBuildConfiguration section */

/* Begin XCConfigurationList section */
		8526DA692459860D00703144 /* Build configuration list for PBXProject "JGig-SwiftUI" */ = {
			isa = XCConfigurationList;
			buildConfigurations = (
				8526DA802459861000703144 /* Debug */,
				8526DA812459861000703144 /* Release */,
			);
			defaultConfigurationIsVisible = 0;
			defaultConfigurationName = Release;
		};
		8526DA822459861000703144 /* Build configuration list for PBXNativeTarget "JGig-SwiftUI" */ = {
			isa = XCConfigurationList;
			buildConfigurations = (
				8526DA832459861000703144 /* Debug */,
				8526DA842459861000703144 /* Release */,
			);
			defaultConfigurationIsVisible = 0;
			defaultConfigurationName = Release;
		};
/* End XCConfigurationList section */
	};
	rootObject = 8526DA662459860D00703144 /* Project object */;
}
